
Microsoft Visual Studio Solution File, Format Version 12.00
# Visual Studio Version 17
VisualStudioVersion = 17.12.35527.113
MinimumVisualStudioVersion = 10.0.40219.1
Project("{2150E333-8FDC-42A3-9474-1A3956D46DE8}") = "Task0", "Task0", "{6A2145A0-3326-4CC3-803B-CA6302B79A87}"
EndProject
Project("{FAE04EC0-301F-11D3-BF4B-00C04F79EFBC}") = "Tyuiu.KhakimovDKh.Sprint3.Task0.V7", "Tyuiu.KhakimovDKh.Sprint3.Task0.V7\Tyuiu.KhakimovDKh.Sprint3.Task0.V7.csproj", "{EF54DB13-398E-43D5-BA70-8DE34678B70E}"
EndProject
Project("{FAE04EC0-301F-11D3-BF4B-00C04F79EFBC}") = "Tyuiu.KhakimovDKh.Sprint3.Task0.V7.Lib", "Tyuiu.KhakimovDKh.Sprint3.Task0.V7.Lib\Tyuiu.KhakimovDKh.Sprint3.Task0.V7.Lib.csproj", "{3FC5B0D1-4E3B-4D9D-AF87-00997272BE6A}"
EndProject
Project("{FAE04EC0-301F-11D3-BF4B-00C04F79EFBC}") = "Tyuiu.KhakimovDKh.Sprint3.Task0.V7.Test", "Tyuiu.KhakimovDKh.Sprint3.Task0.V7.Test\Tyuiu.KhakimovDKh.Sprint3.Task0.V7.Test.csproj", "{F65FB95F-B2B3-42E4-8BA3-CEB01A72F8B5}"
EndProject
Project("{2150E333-8FDC-42A3-9474-1A3956D46DE8}") = "Task1", "Task1", "{56570FE6-AB0F-41AB-9901-E12CA55B11E5}"
	ProjectSection(SolutionItems) = preProject
		Tyuiu.KhakimovDKh.Sprint3.Task1.V17.Lib\DataService.cs = Tyuiu.KhakimovDKh.Sprint3.Task1.V17.Lib\DataService.cs
	EndProjectSection
EndProject
Project("{FAE04EC0-301F-11D3-BF4B-00C04F79EFBC}") = "Tyuiu.KhakimovDKh.Sprint3.Task1.V17", "Tyuiu.KhakimovDKh.Sprint3.Task1.V17\Tyuiu.KhakimovDKh.Sprint3.Task1.V17.csproj", "{10107E6C-14C9-4F04-8D07-5E8D4D79E348}"
EndProject
Project("{FAE04EC0-301F-11D3-BF4B-00C04F79EFBC}") = "Tyuiu.KhakimovDKh.Sprint3.Task1.V17.Lib", "Tyuiu.KhakimovDKh.Sprint3.Task1.V17.Lib\Tyuiu.KhakimovDKh.Sprint3.Task1.V17.Lib.csproj", "{D0813163-3B3E-4DF9-A16A-DBC741DFDA04}"
EndProject
Project("{FAE04EC0-301F-11D3-BF4B-00C04F79EFBC}") = "Tyuiu.KhakimovDKh.Sprint3.Task1.V17.Test", "Tyuiu.KhakimovDKh.Sprint3.Task1.V17.Test\Tyuiu.KhakimovDKh.Sprint3.Task1.V17.Test.csproj", "{96821334-C613-4542-9D8B-E17EDB549780}"
EndProject
Project("{2150E333-8FDC-42A3-9474-1A3956D46DE8}") = "Task2", "Task2", "{DB1A38FC-6A76-4EF1-84A0-90EC1BBE025C}"
EndProject
Project("{FAE04EC0-301F-11D3-BF4B-00C04F79EFBC}") = "Tyuiu.KhakimovDKh.Sprint3.Task2.V29", "Tyuiu.KhakimovDKh.Sprint3.Task2.V29\Tyuiu.KhakimovDKh.Sprint3.Task2.V29.csproj", "{0827FF49-A858-4EF3-B4CD-B0B9A8642B22}"
EndProject
Project("{FAE04EC0-301F-11D3-BF4B-00C04F79EFBC}") = "Tyuiu.KhakimovDKh.Sprint3.Task2.V29.Lib", "Tyuiu.KhakimovDKh.Sprint3.Task2.V29.Lib\Tyuiu.KhakimovDKh.Sprint3.Task2.V29.Lib.csproj", "{EAAA4AAC-5567-4852-96D5-71C98987487A}"
EndProject
Project("{FAE04EC0-301F-11D3-BF4B-00C04F79EFBC}") = "Tyuiu.KhakimovDKh.Sprint3.Task2.V29.Test", "Tyuiu.KhakimovDKh.Sprint3.Task2.V29.Test\Tyuiu.KhakimovDKh.Sprint3.Task2.V29.Test.csproj", "{856B8D1A-7972-45A3-8BFC-EBE88A33996B}"
EndProject
Project("{2150E333-8FDC-42A3-9474-1A3956D46DE8}") = "Task3", "Task3", "{E0CF97F0-A3B3-408C-BFEF-4D5BE05B1E0F}"
EndProject
Project("{FAE04EC0-301F-11D3-BF4B-00C04F79EFBC}") = "Tyuiu.KhakimovDKh.Sprint3.Task3.V7.Lib", "Tyuiu.KhakimovDKh.Sprint3.Task3.V7.Lib\Tyuiu.KhakimovDKh.Sprint3.Task3.V7.Lib.csproj", "{0AFF5B57-4AC4-4AF7-8ADE-4D419C4E1439}"
EndProject
Project("{FAE04EC0-301F-11D3-BF4B-00C04F79EFBC}") = "Tyuiu.KhakimovDKh.Sprint3.Task3.V7", "Tyuiu.KhakimovDKh.Sprint3.Task3.V7\Tyuiu.KhakimovDKh.Sprint3.Task3.V7.csproj", "{D0F28D3E-62F1-47C2-BA90-98BB39D1173E}"
EndProject
Project("{FAE04EC0-301F-11D3-BF4B-00C04F79EFBC}") = "Tyuiu.KhakimovDKh.Sprint3.Task3.V7.Test", "Tyuiu.KhakimovDKh.Sprint3.Task3.V7.Test\Tyuiu.KhakimovDKh.Sprint3.Task3.V7.Test.csproj", "{96460F30-3FE4-40FB-B2A8-AAD4F5967D8E}"
EndProject
Project("{2150E333-8FDC-42A3-9474-1A3956D46DE8}") = "Task4", "Task4", "{E3B14630-C8B6-478A-9971-AE2F0DF0EE5C}"
EndProject
Project("{FAE04EC0-301F-11D3-BF4B-00C04F79EFBC}") = "Tyuiu.KhakimovDKh.Sprint3.Task4.V18", "Tyuiu.KhakimovDKh.Sprint3.Task4.V18\Tyuiu.KhakimovDKh.Sprint3.Task4.V18.csproj", "{F1C766E4-419F-403C-9777-B56C5E798149}"
EndProject
Project("{FAE04EC0-301F-11D3-BF4B-00C04F79EFBC}") = "Tyuiu.KhakimovDKh.Sprint3.Task4.V18.Lib", "Tyuiu.KhakimovDKh.Sprint3.Task4.V18.Lib\Tyuiu.KhakimovDKh.Sprint3.Task4.V18.Lib.csproj", "{44146F65-0BAD-45F3-A525-A375845CE993}"
EndProject
Project("{FAE04EC0-301F-11D3-BF4B-00C04F79EFBC}") = "Tyuiu.KhakimovDKh.Sprint3.Task4.V18.Test", "Tyuiu.KhakimovDKh.Sprint3.Task4.V18.Test\Tyuiu.KhakimovDKh.Sprint3.Task4.V18.Test.csproj", "{679A4960-8BEB-4E31-BBEB-BF1181B82750}"
EndProject
Global
	GlobalSection(SolutionConfigurationPlatforms) = preSolution
		Debug|Any CPU = Debug|Any CPU
		Release|Any CPU = Release|Any CPU
	EndGlobalSection
	GlobalSection(ProjectConfigurationPlatforms) = postSolution
		{EF54DB13-398E-43D5-BA70-8DE34678B70E}.Debug|Any CPU.ActiveCfg = Debug|Any CPU
		{EF54DB13-398E-43D5-BA70-8DE34678B70E}.Debug|Any CPU.Build.0 = Debug|Any CPU
		{EF54DB13-398E-43D5-BA70-8DE34678B70E}.Release|Any CPU.ActiveCfg = Release|Any CPU
		{EF54DB13-398E-43D5-BA70-8DE34678B70E}.Release|Any CPU.Build.0 = Release|Any CPU
		{3FC5B0D1-4E3B-4D9D-AF87-00997272BE6A}.Debug|Any CPU.ActiveCfg = Debug|Any CPU
		{3FC5B0D1-4E3B-4D9D-AF87-00997272BE6A}.Debug|Any CPU.Build.0 = Debug|Any CPU
		{3FC5B0D1-4E3B-4D9D-AF87-00997272BE6A}.Release|Any CPU.ActiveCfg = Release|Any CPU
		{3FC5B0D1-4E3B-4D9D-AF87-00997272BE6A}.Release|Any CPU.Build.0 = Release|Any CPU
		{F65FB95F-B2B3-42E4-8BA3-CEB01A72F8B5}.Debug|Any CPU.ActiveCfg = Debug|Any CPU
		{F65FB95F-B2B3-42E4-8BA3-CEB01A72F8B5}.Debug|Any CPU.Build.0 = Debug|Any CPU
		{F65FB95F-B2B3-42E4-8BA3-CEB01A72F8B5}.Release|Any CPU.ActiveCfg = Release|Any CPU
		{F65FB95F-B2B3-42E4-8BA3-CEB01A72F8B5}.Release|Any CPU.Build.0 = Release|Any CPU
		{10107E6C-14C9-4F04-8D07-5E8D4D79E348}.Debug|Any CPU.ActiveCfg = Debug|Any CPU
		{10107E6C-14C9-4F04-8D07-5E8D4D79E348}.Debug|Any CPU.Build.0 = Debug|Any CPU
		{10107E6C-14C9-4F04-8D07-5E8D4D79E348}.Release|Any CPU.ActiveCfg = Release|Any CPU
		{10107E6C-14C9-4F04-8D07-5E8D4D79E348}.Release|Any CPU.Build.0 = Release|Any CPU
		{D0813163-3B3E-4DF9-A16A-DBC741DFDA04}.Debug|Any CPU.ActiveCfg = Debug|Any CPU
		{D0813163-3B3E-4DF9-A16A-DBC741DFDA04}.Debug|Any CPU.Build.0 = Debug|Any CPU
		{D0813163-3B3E-4DF9-A16A-DBC741DFDA04}.Release|Any CPU.ActiveCfg = Release|Any CPU
		{D0813163-3B3E-4DF9-A16A-DBC741DFDA04}.Release|Any CPU.Build.0 = Release|Any CPU
		{96821334-C613-4542-9D8B-E17EDB549780}.Debug|Any CPU.ActiveCfg = Debug|Any CPU
		{96821334-C613-4542-9D8B-E17EDB549780}.Debug|Any CPU.Build.0 = Debug|Any CPU
		{96821334-C613-4542-9D8B-E17EDB549780}.Release|Any CPU.ActiveCfg = Release|Any CPU
		{96821334-C613-4542-9D8B-E17EDB549780}.Release|Any CPU.Build.0 = Release|Any CPU
		{0827FF49-A858-4EF3-B4CD-B0B9A8642B22}.Debug|Any CPU.ActiveCfg = Debug|Any CPU
		{0827FF49-A858-4EF3-B4CD-B0B9A8642B22}.Debug|Any CPU.Build.0 = Debug|Any CPU
		{0827FF49-A858-4EF3-B4CD-B0B9A8642B22}.Release|Any CPU.ActiveCfg = Release|Any CPU
		{0827FF49-A858-4EF3-B4CD-B0B9A8642B22}.Release|Any CPU.Build.0 = Release|Any CPU
		{EAAA4AAC-5567-4852-96D5-71C98987487A}.Debug|Any CPU.ActiveCfg = Debug|Any CPU
		{EAAA4AAC-5567-4852-96D5-71C98987487A}.Debug|Any CPU.Build.0 = Debug|Any CPU
		{EAAA4AAC-5567-4852-96D5-71C98987487A}.Release|Any CPU.ActiveCfg = Release|Any CPU
		{EAAA4AAC-5567-4852-96D5-71C98987487A}.Release|Any CPU.Build.0 = Release|Any CPU
		{856B8D1A-7972-45A3-8BFC-EBE88A33996B}.Debug|Any CPU.ActiveCfg = Debug|Any CPU
		{856B8D1A-7972-45A3-8BFC-EBE88A33996B}.Debug|Any CPU.Build.0 = Debug|Any CPU
		{856B8D1A-7972-45A3-8BFC-EBE88A33996B}.Release|Any CPU.ActiveCfg = Release|Any CPU
		{856B8D1A-7972-45A3-8BFC-EBE88A33996B}.Release|Any CPU.Build.0 = Release|Any CPU
		{0AFF5B57-4AC4-4AF7-8ADE-4D419C4E1439}.Debug|Any CPU.ActiveCfg = Debug|Any CPU
		{0AFF5B57-4AC4-4AF7-8ADE-4D419C4E1439}.Debug|Any CPU.Build.0 = Debug|Any CPU
		{0AFF5B57-4AC4-4AF7-8ADE-4D419C4E1439}.Release|Any CPU.ActiveCfg = Release|Any CPU
		{0AFF5B57-4AC4-4AF7-8ADE-4D419C4E1439}.Release|Any CPU.Build.0 = Release|Any CPU
		{D0F28D3E-62F1-47C2-BA90-98BB39D1173E}.Debug|Any CPU.ActiveCfg = Debug|Any CPU
		{D0F28D3E-62F1-47C2-BA90-98BB39D1173E}.Debug|Any CPU.Build.0 = Debug|Any CPU
		{D0F28D3E-62F1-47C2-BA90-98BB39D1173E}.Release|Any CPU.ActiveCfg = Release|Any CPU
		{D0F28D3E-62F1-47C2-BA90-98BB39D1173E}.Release|Any CPU.Build.0 = Release|Any CPU
		{96460F30-3FE4-40FB-B2A8-AAD4F5967D8E}.Debug|Any CPU.ActiveCfg = Debug|Any CPU
		{96460F30-3FE4-40FB-B2A8-AAD4F5967D8E}.Debug|Any CPU.Build.0 = Debug|Any CPU
		{96460F30-3FE4-40FB-B2A8-AAD4F5967D8E}.Release|Any CPU.ActiveCfg = Release|Any CPU
		{96460F30-3FE4-40FB-B2A8-AAD4F5967D8E}.Release|Any CPU.Build.0 = Release|Any CPU
		{F1C766E4-419F-403C-9777-B56C5E798149}.Debug|Any CPU.ActiveCfg = Debug|Any CPU
		{F1C766E4-419F-403C-9777-B56C5E798149}.Debug|Any CPU.Build.0 = Debug|Any CPU
		{F1C766E4-419F-403C-9777-B56C5E798149}.Release|Any CPU.ActiveCfg = Release|Any CPU
		{F1C766E4-419F-403C-9777-B56C5E798149}.Release|Any CPU.Build.0 = Release|Any CPU
		{44146F65-0BAD-45F3-A525-A375845CE993}.Debug|Any CPU.ActiveCfg = Debug|Any CPU
		{44146F65-0BAD-45F3-A525-A375845CE993}.Debug|Any CPU.Build.0 = Debug|Any CPU
		{44146F65-0BAD-45F3-A525-A375845CE993}.Release|Any CPU.ActiveCfg = Release|Any CPU
		{44146F65-0BAD-45F3-A525-A375845CE993}.Release|Any CPU.Build.0 = Release|Any CPU
		{679A4960-8BEB-4E31-BBEB-BF1181B82750}.Debug|Any CPU.ActiveCfg = Debug|Any CPU
		{679A4960-8BEB-4E31-BBEB-BF1181B82750}.Debug|Any CPU.Build.0 = Debug|Any CPU
		{679A4960-8BEB-4E31-BBEB-BF1181B82750}.Release|Any CPU.ActiveCfg = Release|Any CPU
		{679A4960-8BEB-4E31-BBEB-BF1181B82750}.Release|Any CPU.Build.0 = Release|Any CPU
	EndGlobalSection
	GlobalSection(SolutionProperties) = preSolution
		HideSolutionNode = FALSE
	EndGlobalSection
	GlobalSection(NestedProjects) = preSolution
		{EF54DB13-398E-43D5-BA70-8DE34678B70E} = {6A2145A0-3326-4CC3-803B-CA6302B79A87}
		{3FC5B0D1-4E3B-4D9D-AF87-00997272BE6A} = {6A2145A0-3326-4CC3-803B-CA6302B79A87}
		{F65FB95F-B2B3-42E4-8BA3-CEB01A72F8B5} = {6A2145A0-3326-4CC3-803B-CA6302B79A87}
		{10107E6C-14C9-4F04-8D07-5E8D4D79E348} = {56570FE6-AB0F-41AB-9901-E12CA55B11E5}
		{D0813163-3B3E-4DF9-A16A-DBC741DFDA04} = {56570FE6-AB0F-41AB-9901-E12CA55B11E5}
		{96821334-C613-4542-9D8B-E17EDB549780} = {56570FE6-AB0F-41AB-9901-E12CA55B11E5}
		{0827FF49-A858-4EF3-B4CD-B0B9A8642B22} = {DB1A38FC-6A76-4EF1-84A0-90EC1BBE025C}
		{EAAA4AAC-5567-4852-96D5-71C98987487A} = {DB1A38FC-6A76-4EF1-84A0-90EC1BBE025C}
		{856B8D1A-7972-45A3-8BFC-EBE88A33996B} = {DB1A38FC-6A76-4EF1-84A0-90EC1BBE025C}
		{0AFF5B57-4AC4-4AF7-8ADE-4D419C4E1439} = {E0CF97F0-A3B3-408C-BFEF-4D5BE05B1E0F}
		{D0F28D3E-62F1-47C2-BA90-98BB39D1173E} = {E0CF97F0-A3B3-408C-BFEF-4D5BE05B1E0F}
		{96460F30-3FE4-40FB-B2A8-AAD4F5967D8E} = {E0CF97F0-A3B3-408C-BFEF-4D5BE05B1E0F}
		{F1C766E4-419F-403C-9777-B56C5E798149} = {E3B14630-C8B6-478A-9971-AE2F0DF0EE5C}
		{44146F65-0BAD-45F3-A525-A375845CE993} = {E3B14630-C8B6-478A-9971-AE2F0DF0EE5C}
		{679A4960-8BEB-4E31-BBEB-BF1181B82750} = {E3B14630-C8B6-478A-9971-AE2F0DF0EE5C}
	EndGlobalSection
EndGlobal
